
Microsoft Visual Studio Solution File, Format Version 12.00
# Visual Studio Version 16
VisualStudioVersion = 16.0.30907.101
MinimumVisualStudioVersion = 10.0.40219.1
Project("{FAE04EC0-301F-11D3-BF4B-00C04F79EFBC}") = "HastaneOtomasyonu", "HastaneOtomasyonu\HastaneOtomasyonu.csproj", "{C00F7986-BE51-49C8-B4AE-80B12BE930E7}"
EndProject
Global
	GlobalSection(SolutionConfigurationPlatforms) = preSolution
		Debug|Any CPU = Debug|Any CPU
		Release|Any CPU = Release|Any CPU
	EndGlobalSection
	GlobalSection(ProjectConfigurationPlatforms) = postSolution
		{C00F7986-BE51-49C8-B4AE-80B12BE930E7}.Debug|Any CPU.ActiveCfg = Debug|Any CPU
		{C00F7986-BE51-49C8-B4AE-80B12BE930E7}.Debug|Any CPU.Build.0 = Debug|Any CPU
		{C00F7986-BE51-49C8-B4AE-80B12BE930E7}.Release|Any CPU.ActiveCfg = Release|Any CPU
		{C00F7986-BE51-49C8-B4AE-80B12BE930E7}.Release|Any CPU.Build.0 = Release|Any CPU
	EndGlobalSection
	GlobalSection(SolutionProperties) = preSolution
		HideSolutionNode = FALSE
	EndGlobalSection
	GlobalSection(ExtensibilityGlobals) = postSolution
		SolutionGuid = {6B66C653-FDCA-49C8-AE5E-83066A6AAD9A}
	EndGlobalSection
EndGlobal
